
Microsoft Visual Studio Solution File, Format Version 12.00
# Visual Studio Version 17
VisualStudioVersion = 17.14.36623.8 d17.14
MinimumVisualStudioVersion = 10.0.40219.1
Project("{8BC9CEB8-8B4A-11D0-8D11-00A0C91BC942}") = "LibMtFramework", "LibMtFramework\LibMtFramework.vcxproj", "{182F7A1A-DEA6-4800-A52F-2217450064D9}"
EndProject
Project("{8BC9CEB8-8B4A-11D0-8D11-00A0C91BC942}") = "DeadRisingEx", "DeadRisingEx\DeadRisingEx.vcxproj", "{4372BE1E-F5FB-4C7E-A03A-958D1886422C}"
	ProjectSection(ProjectDependencies) = postProject
		{182F7A1A-DEA6-4800-A52F-2217450064D9} = {182F7A1A-DEA6-4800-A52F-2217450064D9}
	EndProjectSection
EndProject
Project("{FAE04EC0-301F-11D3-BF4B-00C04F79EFBC}") = "DeadRisingLauncher", "DeadRisingLauncher\DeadRisingLauncher.csproj", "{C25022C9-36A1-47DA-9213-D81E919D9A1C}"
	ProjectSection(ProjectDependencies) = postProject
		{4372BE1E-F5FB-4C7E-A03A-958D1886422C} = {4372BE1E-F5FB-4C7E-A03A-958D1886422C}
		{30C860E8-04C2-48B3-96AA-FB83BFC4E19A} = {30C860E8-04C2-48B3-96AA-FB83BFC4E19A}
	EndProjectSection
EndProject
Project("{FAE04EC0-301F-11D3-BF4B-00C04F79EFBC}") = "Updater", "Updater\Updater.csproj", "{30C860E8-04C2-48B3-96AA-FB83BFC4E19A}"
EndProject
Global
	GlobalSection(SolutionConfigurationPlatforms) = preSolution
		Debug_Update|x64 = Debug_Update|x64
		Debug|x64 = Debug|x64
		Release_Update|x64 = Release_Update|x64
		Release|x64 = Release|x64
	EndGlobalSection
	GlobalSection(ProjectConfigurationPlatforms) = postSolution
		{182F7A1A-DEA6-4800-A52F-2217450064D9}.Debug_Update|x64.ActiveCfg = Debug|x64
		{182F7A1A-DEA6-4800-A52F-2217450064D9}.Debug_Update|x64.Build.0 = Debug|x64
		{182F7A1A-DEA6-4800-A52F-2217450064D9}.Debug|x64.ActiveCfg = Debug|x64
		{182F7A1A-DEA6-4800-A52F-2217450064D9}.Debug|x64.Build.0 = Debug|x64
		{182F7A1A-DEA6-4800-A52F-2217450064D9}.Release_Update|x64.ActiveCfg = Release|x64
		{182F7A1A-DEA6-4800-A52F-2217450064D9}.Release_Update|x64.Build.0 = Release|x64
		{182F7A1A-DEA6-4800-A52F-2217450064D9}.Release|x64.ActiveCfg = Release|x64
		{182F7A1A-DEA6-4800-A52F-2217450064D9}.Release|x64.Build.0 = Release|x64
		{4372BE1E-F5FB-4C7E-A03A-958D1886422C}.Debug_Update|x64.ActiveCfg = Debug|x64
		{4372BE1E-F5FB-4C7E-A03A-958D1886422C}.Debug_Update|x64.Build.0 = Debug|x64
		{4372BE1E-F5FB-4C7E-A03A-958D1886422C}.Debug|x64.ActiveCfg = Debug|x64
		{4372BE1E-F5FB-4C7E-A03A-958D1886422C}.Debug|x64.Build.0 = Debug|x64
		{4372BE1E-F5FB-4C7E-A03A-958D1886422C}.Release_Update|x64.ActiveCfg = Release|x64
		{4372BE1E-F5FB-4C7E-A03A-958D1886422C}.Release_Update|x64.Build.0 = Release|x64
		{4372BE1E-F5FB-4C7E-A03A-958D1886422C}.Release|x64.ActiveCfg = Release|x64
		{4372BE1E-F5FB-4C7E-A03A-958D1886422C}.Release|x64.Build.0 = Release|x64
		{C25022C9-36A1-47DA-9213-D81E919D9A1C}.Debug_Update|x64.ActiveCfg = Debug_Update|Any CPU
		{C25022C9-36A1-47DA-9213-D81E919D9A1C}.Debug_Update|x64.Build.0 = Debug_Update|Any CPU
		{C25022C9-36A1-47DA-9213-D81E919D9A1C}.Debug|x64.ActiveCfg = Debug|Any CPU
		{C25022C9-36A1-47DA-9213-D81E919D9A1C}.Debug|x64.Build.0 = Debug|Any CPU
		{C25022C9-36A1-47DA-9213-D81E919D9A1C}.Release_Update|x64.ActiveCfg = Release_Update|Any CPU
		{C25022C9-36A1-47DA-9213-D81E919D9A1C}.Release_Update|x64.Build.0 = Release_Update|Any CPU
		{C25022C9-36A1-47DA-9213-D81E919D9A1C}.Release|x64.ActiveCfg = Release|Any CPU
		{C25022C9-36A1-47DA-9213-D81E919D9A1C}.Release|x64.Build.0 = Release|Any CPU
		{30C860E8-04C2-48B3-96AA-FB83BFC4E19A}.Debug_Update|x64.ActiveCfg = Debug_Update|Any CPU
		{30C860E8-04C2-48B3-96AA-FB83BFC4E19A}.Debug_Update|x64.Build.0 = Debug_Update|Any CPU
		{30C860E8-04C2-48B3-96AA-FB83BFC4E19A}.Debug|x64.ActiveCfg = Debug|Any CPU
		{30C860E8-04C2-48B3-96AA-FB83BFC4E19A}.Debug|x64.Build.0 = Debug|Any CPU
		{30C860E8-04C2-48B3-96AA-FB83BFC4E19A}.Release_Update|x64.ActiveCfg = Release_Update|Any CPU
		{30C860E8-04C2-48B3-96AA-FB83BFC4E19A}.Release_Update|x64.Build.0 = Release_Update|Any CPU
		{30C860E8-04C2-48B3-96AA-FB83BFC4E19A}.Release|x64.ActiveCfg = Release|Any CPU
		{30C860E8-04C2-48B3-96AA-FB83BFC4E19A}.Release|x64.Build.0 = Release|Any CPU
	EndGlobalSection
	GlobalSection(SolutionProperties) = preSolution
		HideSolutionNode = FALSE
	EndGlobalSection
	GlobalSection(ExtensibilityGlobals) = postSolution
		SolutionGuid = {DC06FB99-C82D-4FAF-A1C6-336249AE2E96}
	EndGlobalSection
EndGlobal
