<?xml version="1.0" encoding="utf-8"?>
<Project ToolsVersion="4.0" xmlns="http://schemas.microsoft.com/developer/msbuild/2003">
  <ItemGroup>
    <Filter Include="Source Files">
      <UniqueIdentifier>{4FC737F1-C7A5-4376-A066-2A32D752A2FF}</UniqueIdentifier>
      <Extensions>cpp;c;cc;cxx;def;odl;idl;hpj;bat;asm;asmx</Extensions>
    </Filter>
    <Filter Include="Header Files">
      <UniqueIdentifier>{93995380-89BD-4b04-88EB-625FBE52EBFB}</UniqueIdentifier>
      <Extensions>h;hh;hpp;hxx;hm;inl;inc;ipp;xsd</Extensions>
    </Filter>
    <Filter Include="Resource Files">
      <UniqueIdentifier>{67DA6AB6-F800-4c08-8B7A-83BB121AAD01}</UniqueIdentifier>
      <Extensions>rc;ico;cur;bmp;dlg;rc2;rct;bin;rgs;gif;jpg;jpeg;jpe;resx;tiff;tif;png;wav;mfcribbon-ms</Extensions>
    </Filter>
  </ItemGroup>
  <ItemGroup>
    <ClInclude Include="Misc\AsmHelpers.h">
      <Filter>Header Files</Filter>
    </ClInclude>
    <ClInclude Include="MtFramework\Graphics\rModel.h">
      <Filter>Header Files</Filter>
    </ClInclude>
    <ClInclude Include="MtFramework\Utils\Utilities.h">
      <Filter>Header Files</Filter>
    </ClInclude>
    <ClInclude Include="MtFramework\MtObject.h">
      <Filter>Header Files</Filter>
    </ClInclude>
    <ClInclude Include="MtFramework\Memory\MtHeapAllocator.h">
      <Filter>Header Files</Filter>
    </ClInclude>
    <ClInclude Include="MtFramework\Memory\MtAllocator.h">
      <Filter>Header Files</Filter>
    </ClInclude>
    <ClInclude Include="MtFramework\System\MtThread.h">
      <Filter>Header Files</Filter>
    </ClInclude>
    <ClInclude Include="MtFramework\Archive\rArchive.h">
      <Filter>Header Files</Filter>
    </ClInclude>
    <ClInclude Include="MtFramework\IO\MtFile.h">
      <Filter>Header Files</Filter>
    </ClInclude>
    <ClInclude Include="MtFramework\IO\MtFileStream.h">
      <Filter>Header Files</Filter>
    </ClInclude>
    <ClInclude Include="MtFramework\Utils\Zlib.h">
      <Filter>Header Files</Filter>
    </ClInclude>
    <ClInclude Include="MtFramework\Archive\sResource.h">
      <Filter>Header Files</Filter>
    </ClInclude>
    <ClInclude Include="MtFramework\Archive\cResource.h">
      <Filter>Header Files</Filter>
    </ClInclude>
    <ClInclude Include="MtFramework\IO\MtStream.h">
      <Filter>Header Files</Filter>
    </ClInclude>
    <ClInclude Include="MtFramework\IO\MtDataReader.h">
      <Filter>Header Files</Filter>
    </ClInclude>
    <ClInclude Include="LibMtFramework.h">
      <Filter>Header Files</Filter>
    </ClInclude>
    <ClInclude Include="MtFramework\Item\sItemCtrl.h">
      <Filter>Header Files</Filter>
    </ClInclude>
    <ClInclude Include="MtFramework\Object\cUnit.h">
      <Filter>Header Files</Filter>
    </ClInclude>
    <ClInclude Include="MtFramework\Item\uItem.h">
      <Filter>Header Files</Filter>
    </ClInclude>
    <ClInclude Include="MtFramework\Area\sAreaHit.h">
      <Filter>Header Files</Filter>
    </ClInclude>
    <ClInclude Include="MtFramework\Item\rItemLayout.h">
      <Filter>Header Files</Filter>
    </ClInclude>
    <ClInclude Include="MtFramework\Item\Items\uOm08.h">
      <Filter>Header Files</Filter>
    </ClInclude>
    <ClInclude Include="MtFramework\Item\Items\uOm23.h">
      <Filter>Header Files</Filter>
    </ClInclude>
    <ClInclude Include="MtFramework\Utils\MtPropertyList.h">
      <Filter>Header Files</Filter>
    </ClInclude>
    <ClInclude Include="MtFramework\Game\sSnatcherMain.h">
      <Filter>Header Files</Filter>
    </ClInclude>
    <ClInclude Include="MtFramework\Debug\sToolBase.h">
      <Filter>Header Files</Filter>
    </ClInclude>
    <ClInclude Include="MtFramework\Rendering\sPrim.h">
      <Filter>Header Files</Filter>
    </ClInclude>
    <ClInclude Include="MtFramework\Object\sUnit.h">
      <Filter>Header Files</Filter>
    </ClInclude>
    <ClInclude Include="MtFramework\Area\rAreaHitLayout.h">
      <Filter>Header Files</Filter>
    </ClInclude>
    <ClInclude Include="MtFramework\IO\MtBinaryXmlReader.h">
      <Filter>Header Files</Filter>
    </ClInclude>
    <ClInclude Include="MtFramework\Game\sPad.h">
      <Filter>Header Files</Filter>
    </ClInclude>
    <ClInclude Include="MtFramework\Rendering\sShader.h">
      <Filter>Header Files</Filter>
    </ClInclude>
    <ClInclude Include="MtFramework\Rendering\sRender.h">
      <Filter>Header Files</Filter>
    </ClInclude>
    <ClInclude Include="MtFramework\Rendering\cTrans.h">
      <Filter>Header Files</Filter>
    </ClInclude>
    <ClInclude Include="MtFramework\Config\MtRegistry.h">
      <Filter>Header Files</Filter>
    </ClInclude>
    <ClInclude Include="MtFramework\System\cSystem.h">
      <Filter>Header Files</Filter>
    </ClInclude>
    <ClInclude Include="MtFramework\Game\sMain.h">
      <Filter>Header Files</Filter>
    </ClInclude>
    <ClInclude Include="MtFramework\Graphics\rTexture.h">
      <Filter>Header Files</Filter>
    </ClInclude>
    <ClInclude Include="MtFramework\Utils\MtArray.h">
      <Filter>Header Files</Filter>
    </ClInclude>
    <ClInclude Include="MtFramework\Object\Model\uSnatcherModel.h">
      <Filter>Header Files</Filter>
    </ClInclude>
    <ClInclude Include="MtFramework\Object\Model\sSMManager.h">
      <Filter>Header Files</Filter>
    </ClInclude>
    <ClInclude Include="MtFramework\Memory\MtDefaultAllocator.h">
      <Filter>Header Files</Filter>
    </ClInclude>
    <ClInclude Include="MtFramework\Game\Task\cGametaskMain.h">
      <Filter>Header Files</Filter>
    </ClInclude>
    <ClInclude Include="MtFramework\Area\sAreaManager.h">
      <Filter>Header Files</Filter>
    </ClInclude>
    <ClInclude Include="MtFramework\Rendering\sGpuParticle.h">
      <Filter>Header Files</Filter>
    </ClInclude>
    <ClInclude Include="MtFramework\Game\Task\cGametaskTitle.h">
      <Filter>Header Files</Filter>
    </ClInclude>
    <ClInclude Include="MtFramework\Game\Task\cGametask.h">
      <Filter>Header Files</Filter>
    </ClInclude>
    <ClInclude Include="MtFramework\Game\uSchedulerEdit.h">
      <Filter>Header Files</Filter>
    </ClInclude>
    <ClInclude Include="MtFramework\Object\Npc\uNpcMarker.h">
      <Filter>Header Files</Filter>
    </ClInclude>
    <ClInclude Include="MtFramework\Graphics\Sprites\cSprAnm.h">
      <Filter>Header Files</Filter>
    </ClInclude>
    <ClInclude Include="MtFramework\Utils\VTable.h">
      <Filter>Header Files</Filter>
    </ClInclude>
    <ClInclude Include="MtFramework\Game\Player\uCockpit.h">
      <Filter>Header Files</Filter>
    </ClInclude>
    <ClInclude Include="MtFramework\Game\sSnatcherPad.h">
      <Filter>Header Files</Filter>
    </ClInclude>
    <ClInclude Include="MtFramework\Debug\sTool.h">
      <Filter>Header Files</Filter>
    </ClInclude>
    <ClInclude Include="MtFramework\Game\sSnatcherTool.h">
      <Filter>Header Files</Filter>
    </ClInclude>
    <ClInclude Include="MtFramework\Game\Player\uPlayer.h">
      <Filter>Header Files</Filter>
    </ClInclude>
  </ItemGroup>
  <ItemGroup>
    <ClCompile Include="MtFramework\Utils\Utilities.cpp">
      <Filter>Source Files</Filter>
    </ClCompile>
    <ClCompile Include="Misc\Module.cpp">
      <Filter>Source Files</Filter>
    </ClCompile>
  </ItemGroup>
  <ItemGroup>
    <MASM Include="Misc\AsmHelpers.asm">
      <Filter>Source Files</Filter>
    </MASM>
  </ItemGroup>
</Project>