<?xml version="1.0" encoding="utf-8"?>
<Project ToolsVersion="4.0" xmlns="http://schemas.microsoft.com/developer/msbuild/2003">
  <ItemGroup>
    <Filter Include="Source Files">
      <UniqueIdentifier>{4FC737F1-C7A5-4376-A066-2A32D752A2FF}</UniqueIdentifier>
      <Extensions>cpp;c;cc;cxx;def;odl;idl;hpj;bat;asm;asmx</Extensions>
    </Filter>
    <Filter Include="Header Files">
      <UniqueIdentifier>{93995380-89BD-4b04-88EB-625FBE52EBFB}</UniqueIdentifier>
      <Extensions>h;hh;hpp;hxx;hm;inl;inc;ipp;xsd</Extensions>
    </Filter>
    <Filter Include="Resource Files">
      <UniqueIdentifier>{67DA6AB6-F800-4c08-8B7A-83BB121AAD01}</UniqueIdentifier>
      <Extensions>rc;ico;cur;bmp;dlg;rc2;rct;bin;rgs;gif;jpg;jpeg;jpe;resx;tiff;tif;png;wav;mfcribbon-ms</Extensions>
    </Filter>
  </ItemGroup>
  <ItemGroup>
    <ClCompile Include="dllmain.cpp">
      <Filter>Source Files</Filter>
    </ClCompile>
    <ClCompile Include="DeadRisingEx\MtFramework\Archive\ArchiveOverlay.cpp">
      <Filter>Source Files</Filter>
    </ClCompile>
    <ClCompile Include="DeadRisingEx\MtFramework\Player\uPlayerImpl.cpp">
      <Filter>Source Files</Filter>
    </ClCompile>
    <ClCompile Include="DeadRisingEx\MtFramework\Archive\sResourceImpl.cpp">
      <Filter>Source Files</Filter>
    </ClCompile>
    <ClCompile Include="DeadRisingEx\MtFramework\Graphics\rModelImpl.cpp">
      <Filter>Source Files</Filter>
    </ClCompile>
    <ClCompile Include="DeadRisingEx\ModConfig.cpp">
      <Filter>Source Files</Filter>
    </ClCompile>
    <ClCompile Include="DeadRisingEx\MtFramework\Item\uItemImpl.cpp">
      <Filter>Source Files</Filter>
    </ClCompile>
    <ClCompile Include="DeadRisingEx\MtFramework\Item\Items\uOm08Impl.cpp">
      <Filter>Source Files</Filter>
    </ClCompile>
    <ClCompile Include="DeadRisingEx\MtFramework\Item\Items\uOmRecursiveGrenade.cpp">
      <Filter>Source Files</Filter>
    </ClCompile>
    <ClCompile Include="DeadRisingEx\MtFramework\MtObjectImpl.cpp">
      <Filter>Source Files</Filter>
    </ClCompile>
    <ClCompile Include="DeadRisingEx\MtFramework\Debug\sSnatcherToolImpl.cpp">
      <Filter>Source Files</Filter>
    </ClCompile>
    <ClCompile Include="DeadRisingEx\MtFramework\Object\sUnitImpl.cpp">
      <Filter>Source Files</Filter>
    </ClCompile>
    <ClCompile Include="DeadRisingEx\MtFramework\Rendering\sRenderImpl.cpp">
      <Filter>Source Files</Filter>
    </ClCompile>
    <ClCompile Include="DeadRisingEx\MtFramework\Rendering\sShaderImpl.cpp">
      <Filter>Source Files</Filter>
    </ClCompile>
    <ClCompile Include="DeadRisingEx\MtFramework\Game\sMainImpl.cpp">
      <Filter>Source Files</Filter>
    </ClCompile>
    <ClCompile Include="DeadRisingEx\MtFramework\Object\Model\sSMManagerImpl.cpp">
      <Filter>Source Files</Filter>
    </ClCompile>
    <ClCompile Include="DeadRisingEx\MtFramework\Game\sSnatcherMainImpl.cpp">
      <Filter>Source Files</Filter>
    </ClCompile>
    <ClCompile Include="DeadRisingEx\MtFramework\Memory\MtHeapAllocatorImpl.cpp">
      <Filter>Source Files</Filter>
    </ClCompile>
    <ClCompile Include="DeadRisingEx\MtFramework\Game\Task\cGametaskTitleImpl.cpp">
      <Filter>Source Files</Filter>
    </ClCompile>
    <ClCompile Include="DeadRisingEx\MtFramework\Object\Npc\uNpcMarkerImpl.cpp">
      <Filter>Source Files</Filter>
    </ClCompile>
    <ClCompile Include="DeadRisingEx\MtFramework\Object\uPhotoImpl.cpp">
      <Filter>Source Files</Filter>
    </ClCompile>
    <ClCompile Include="DeadRisingEx\Utilities\DebugLog.cpp">
      <Filter>Source Files</Filter>
    </ClCompile>
    <ClCompile Include="DeadRisingEx\MtFramework\Rendering\ImGui\imgui.cpp">
      <Filter>Source Files</Filter>
    </ClCompile>
    <ClCompile Include="DeadRisingEx\MtFramework\Rendering\ImGui\imgui_demo.cpp">
      <Filter>Source Files</Filter>
    </ClCompile>
    <ClCompile Include="DeadRisingEx\MtFramework\Rendering\ImGui\imgui_draw.cpp">
      <Filter>Source Files</Filter>
    </ClCompile>
    <ClCompile Include="DeadRisingEx\MtFramework\Rendering\ImGui\imgui_tables.cpp">
      <Filter>Source Files</Filter>
    </ClCompile>
    <ClCompile Include="DeadRisingEx\MtFramework\Rendering\ImGui\imgui_widgets.cpp">
      <Filter>Source Files</Filter>
    </ClCompile>
    <ClCompile Include="DeadRisingEx\MtFramework\Rendering\ImGui\ImGuiRenderer.cpp">
      <Filter>Source Files</Filter>
    </ClCompile>
    <ClCompile Include="DeadRisingEx\MtFramework\Game\sSnatcherPadImpl.cpp">
      <Filter>Source Files</Filter>
    </ClCompile>
    <ClCompile Include="DeadRisingEx\MtFramework\Rendering\ImGui\ImGuiConsole.cpp">
      <Filter>Source Files</Filter>
    </ClCompile>
    <ClCompile Include="DeadRisingEx\MtFramework\Test\TestHooks.cpp">
      <Filter>Source Files</Filter>
    </ClCompile>
  </ItemGroup>
  <ItemGroup>
    <ClInclude Include="DeadRisingEx.h">
      <Filter>Header Files</Filter>
    </ClInclude>
    <ClInclude Include="DeadRisingEx\MtFramework\Archive\ArchiveOverlay.h">
      <Filter>Header Files</Filter>
    </ClInclude>
    <ClInclude Include="DeadRisingEx\Utilities.h">
      <Filter>Header Files</Filter>
    </ClInclude>
    <ClInclude Include="DeadRisingEx\MtFramework\Player\uPlayerImpl.h">
      <Filter>Header Files</Filter>
    </ClInclude>
    <ClInclude Include="DeadRisingEx\MtFramework\Archive\sResourceImpl.h">
      <Filter>Header Files</Filter>
    </ClInclude>
    <ClInclude Include="DeadRisingEx\MtFramework\Graphics\rModelImpl.h">
      <Filter>Header Files</Filter>
    </ClInclude>
    <ClInclude Include="DeadRisingEx\MtFramework\Archive\cResourceImpl.h">
      <Filter>Header Files</Filter>
    </ClInclude>
    <ClInclude Include="DeadRisingEx\ModConfig.h">
      <Filter>Header Files</Filter>
    </ClInclude>
    <ClInclude Include="DeadRisingEx\MtFramework\Item\uItemImpl.h">
      <Filter>Header Files</Filter>
    </ClInclude>
    <ClInclude Include="DeadRisingEx\MtFramework\Item\Items\uOm08Impl.h">
      <Filter>Header Files</Filter>
    </ClInclude>
    <ClInclude Include="DeadRisingEx\MtFramework\Item\Items\uOmRecursiveGrenade.h">
      <Filter>Header Files</Filter>
    </ClInclude>
    <ClInclude Include="DeadRisingEx\MtFramework\MtObjectImpl.h">
      <Filter>Header Files</Filter>
    </ClInclude>
    <ClInclude Include="DeadRisingEx\MtFramework\Debug\sSnatcherToolImpl.h">
      <Filter>Header Files</Filter>
    </ClInclude>
    <ClInclude Include="DeadRisingEx\MtFramework\Object\sUnitImpl.h">
      <Filter>Header Files</Filter>
    </ClInclude>
    <ClInclude Include="DeadRisingEx\MtFramework\Rendering\sRenderImpl.h">
      <Filter>Header Files</Filter>
    </ClInclude>
    <ClInclude Include="DeadRisingEx\MtFramework\Rendering\sShaderImpl.h">
      <Filter>Header Files</Filter>
    </ClInclude>
    <ClInclude Include="DeadRisingEx\Utilities\GuardedBuffer.h">
      <Filter>Header Files</Filter>
    </ClInclude>
    <ClInclude Include="DeadRisingEx\MtFramework\Rendering\renderdoc_app.h">
      <Filter>Header Files</Filter>
    </ClInclude>
    <ClInclude Include="DeadRisingEx\MtFramework\Game\sMainImpl.h">
      <Filter>Header Files</Filter>
    </ClInclude>
    <ClInclude Include="DeadRisingEx\MtFramework\Object\Model\sSMManagerImpl.h">
      <Filter>Header Files</Filter>
    </ClInclude>
    <ClInclude Include="DeadRisingEx\MtFramework\Game\sSnatcherMainImpl.h">
      <Filter>Header Files</Filter>
    </ClInclude>
    <ClInclude Include="DeadRisingEx\MtFramework\Memory\MtHeapAllocatorImpl.h">
      <Filter>Header Files</Filter>
    </ClInclude>
    <ClInclude Include="DeadRisingEx\MtFramework\Game\Task\cGametaskTitleImpl.h">
      <Filter>Header Files</Filter>
    </ClInclude>
    <ClInclude Include="DeadRisingEx\MtFramework\Object\Npc\uNpcMarkerImpl.h">
      <Filter>Header Files</Filter>
    </ClInclude>
    <ClInclude Include="DeadRisingEx\MtFramework\Object\uPhotoImpl.h">
      <Filter>Header Files</Filter>
    </ClInclude>
    <ClInclude Include="DeadRisingEx\Utilities\DebugLog.h">
      <Filter>Header Files</Filter>
    </ClInclude>
    <ClInclude Include="DeadRisingEx\MtFramework\Rendering\ImGui\imconfig.h">
      <Filter>Header Files</Filter>
    </ClInclude>
    <ClInclude Include="DeadRisingEx\MtFramework\Rendering\ImGui\imgui.h">
      <Filter>Header Files</Filter>
    </ClInclude>
    <ClInclude Include="DeadRisingEx\MtFramework\Rendering\ImGui\imgui_internal.h">
      <Filter>Header Files</Filter>
    </ClInclude>
    <ClInclude Include="DeadRisingEx\MtFramework\Rendering\ImGui\imstb_rectpack.h">
      <Filter>Header Files</Filter>
    </ClInclude>
    <ClInclude Include="DeadRisingEx\MtFramework\Rendering\ImGui\imstb_textedit.h">
      <Filter>Header Files</Filter>
    </ClInclude>
    <ClInclude Include="DeadRisingEx\MtFramework\Rendering\ImGui\imstb_truetype.h">
      <Filter>Header Files</Filter>
    </ClInclude>
    <ClInclude Include="DeadRisingEx\MtFramework\Rendering\ImGui\ImGuiRenderer.h">
      <Filter>Header Files</Filter>
    </ClInclude>
    <ClInclude Include="DeadRisingEx\MtFramework\Game\sSnatcherPadImpl.h">
      <Filter>Header Files</Filter>
    </ClInclude>
    <ClInclude Include="DeadRisingEx\MtFramework\Rendering\ImGui\ImGuiConsole.h">
      <Filter>Header Files</Filter>
    </ClInclude>
    <ClInclude Include="DeadRisingEx\MtFramework\Test\TestHooks.h">
      <Filter>Header Files</Filter>
    </ClInclude>
  </ItemGroup>
  <ItemGroup>
    <None Include="DeadRisingEx.def">
      <Filter>Source Files</Filter>
    </None>
  </ItemGroup>
  <ItemGroup>
    <MASM Include="DeadRisingEx\MtFramework\Rendering\sRenderHooks.asm">
      <Filter>Source Files</Filter>
    </MASM>
    <MASM Include="DeadRisingEx\MtFramework\Game\Task\cGametaskTitleHooks.asm">
      <Filter>Source Files</Filter>
    </MASM>
  </ItemGroup>
  <ItemGroup>
    <Text Include="DeadRisingEx\MtFramework\Rendering\ImGui\LICENSE.txt" />
  </ItemGroup>
</Project>