<?xml version="1.0" encoding="utf-8"?>
<Project ToolsVersion="4.0" xmlns="http://schemas.microsoft.com/developer/msbuild/2003">
  <ItemGroup>
    <Filter Include="Source Files">
      <UniqueIdentifier>{4FC737F1-C7A5-4376-A066-2A32D752A2FF}</UniqueIdentifier>
      <Extensions>cpp;c;cc;cxx;def;odl;idl;hpj;bat;asm;asmx</Extensions>
    </Filter>
    <Filter Include="Header Files">
      <UniqueIdentifier>{93995380-89BD-4b04-88EB-625FBE52EBFB}</UniqueIdentifier>
      <Extensions>h;hh;hpp;hxx;hm;inl;inc;ipp;xsd</Extensions>
    </Filter>
    <Filter Include="Resource Files">
      <UniqueIdentifier>{67DA6AB6-F800-4c08-8B7A-83BB121AAD01}</UniqueIdentifier>
      <Extensions>rc;ico;cur;bmp;dlg;rc2;rct;bin;rgs;gif;jpg;jpeg;jpe;resx;tiff;tif;png;wav;mfcribbon-ms</Extensions>
    </Filter>
  </ItemGroup>
  <ItemGroup>
    <ClCompile Include="dllmain.cpp">
      <Filter>Source Files</Filter>
    </ClCompile>
    <ClCompile Include="DeadRisingEx\MtFramework\Archive\ArchiveOverlay.cpp">
      <Filter>Source Files</Filter>
    </ClCompile>
    <ClCompile Include="DeadRisingEx\MtFramework\Player\uPlayerImpl.cpp">
      <Filter>Source Files</Filter>
    </ClCompile>
    <ClCompile Include="DeadRisingEx\MtFramework\Archive\sResourceImpl.cpp">
      <Filter>Source Files</Filter>
    </ClCompile>
    <ClCompile Include="DeadRisingEx\MtFramework\Graphics\rModelImpl.cpp">
      <Filter>Source Files</Filter>
    </ClCompile>
    <ClCompile Include="DeadRisingEx\MtFramework\Graphics\sRenderImpl.cpp">
      <Filter>Source Files</Filter>
    </ClCompile>
    <ClCompile Include="DeadRisingEx\MtFramework\Graphics\sShaderImpl.cpp">
      <Filter>Source Files</Filter>
    </ClCompile>
    <ClCompile Include="DeadRisingEx\Debugger\TypeInfo.cpp">
      <Filter>Source Files</Filter>
    </ClCompile>
    <ClCompile Include="DeadRisingEx\Debugger\CommandManager.cpp">
      <Filter>Source Files</Filter>
    </ClCompile>
    <ClCompile Include="DeadRisingEx\ModConfig.cpp">
      <Filter>Source Files</Filter>
    </ClCompile>
    <ClCompile Include="DeadRisingEx\MtFramework\Item\uItemImpl.cpp">
      <Filter>Source Files</Filter>
    </ClCompile>
    <ClCompile Include="DeadRisingEx\MtFramework\Item\Items\uOm08Impl.cpp">
      <Filter>Source Files</Filter>
    </ClCompile>
    <ClCompile Include="DeadRisingEx\MtFramework\Item\Items\uOmRecursiveGrenade.cpp">
      <Filter>Source Files</Filter>
    </ClCompile>
    <ClCompile Include="DeadRisingEx\MtFramework\MtObjectImpl.cpp">
      <Filter>Source Files</Filter>
    </ClCompile>
    <ClCompile Include="DeadRisingEx\MtFramework\Debug\sSnatcherToolImpl.cpp">
      <Filter>Source Files</Filter>
    </ClCompile>
  </ItemGroup>
  <ItemGroup>
    <ClInclude Include="DeadRisingEx.h">
      <Filter>Header Files</Filter>
    </ClInclude>
    <ClInclude Include="DeadRisingEx\MtFramework\Archive\ArchiveOverlay.h">
      <Filter>Header Files</Filter>
    </ClInclude>
    <ClInclude Include="DeadRisingEx\Utilities.h">
      <Filter>Header Files</Filter>
    </ClInclude>
    <ClInclude Include="DeadRisingEx\MtFramework\Player\uPlayerImpl.h">
      <Filter>Header Files</Filter>
    </ClInclude>
    <ClInclude Include="DeadRisingEx\MtFramework\Archive\sResourceImpl.h">
      <Filter>Header Files</Filter>
    </ClInclude>
    <ClInclude Include="DeadRisingEx\MtFramework\Graphics\rModelImpl.h">
      <Filter>Header Files</Filter>
    </ClInclude>
    <ClInclude Include="DeadRisingEx\MtFramework\Graphics\sRenderImpl.h">
      <Filter>Header Files</Filter>
    </ClInclude>
    <ClInclude Include="DeadRisingEx\MtFramework\Graphics\sShaderImpl.h">
      <Filter>Header Files</Filter>
    </ClInclude>
    <ClInclude Include="DeadRisingEx\MtFramework\Archive\cResourceImpl.h">
      <Filter>Header Files</Filter>
    </ClInclude>
    <ClInclude Include="DeadRisingEx\Debugger\TypeInfo.h">
      <Filter>Header Files</Filter>
    </ClInclude>
    <ClInclude Include="DeadRisingEx\Debugger\CommandManager.h">
      <Filter>Header Files</Filter>
    </ClInclude>
    <ClInclude Include="DeadRisingEx\ModConfig.h">
      <Filter>Header Files</Filter>
    </ClInclude>
    <ClInclude Include="DeadRisingEx\MtFramework\Item\uItemImpl.h">
      <Filter>Header Files</Filter>
    </ClInclude>
    <ClInclude Include="DeadRisingEx\MtFramework\Item\Items\uOm08Impl.h">
      <Filter>Header Files</Filter>
    </ClInclude>
    <ClInclude Include="DeadRisingEx\MtFramework\Item\Items\uOmRecursiveGrenade.h">
      <Filter>Header Files</Filter>
    </ClInclude>
    <ClInclude Include="DeadRisingEx\MtFramework\MtObjectImpl.h">
      <Filter>Header Files</Filter>
    </ClInclude>
    <ClInclude Include="DeadRisingEx\MtFramework\Debug\sSnatcherToolImpl.h">
      <Filter>Header Files</Filter>
    </ClInclude>
  </ItemGroup>
  <ItemGroup>
    <None Include="DeadRisingEx.def">
      <Filter>Source Files</Filter>
    </None>
  </ItemGroup>
</Project>